
Microsoft Visual Studio Solution File, Format Version 12.00
# Visual Studio Version 17
VisualStudioVersion = 17.9.34622.214
MinimumVisualStudioVersion = 10.0.40219.1
Project("{9A19103F-16F7-4668-BE54-9A1E7A4F7556}") = "lab2", "lab2\lab2.csproj", "{85BBE0CC-BF25-4E8A-9953-388B9C44BA04}"
EndProject
Project("{FAE04EC0-301F-11D3-BF4B-00C04F79EFBC}") = "TestLab2", "TestLab2\TestLab2.csproj", "{198C405B-AC73-4BE3-8F7C-E163FA49C921}"
EndProject
Global
	GlobalSection(SolutionConfigurationPlatforms) = preSolution
		Debug|Any CPU = Debug|Any CPU
		Release|Any CPU = Release|Any CPU
	EndGlobalSection
	GlobalSection(ProjectConfigurationPlatforms) = postSolution
		{85BBE0CC-BF25-4E8A-9953-388B9C44BA04}.Debug|Any CPU.ActiveCfg = Debug|Any CPU
		{85BBE0CC-BF25-4E8A-9953-388B9C44BA04}.Debug|Any CPU.Build.0 = Debug|Any CPU
		{85BBE0CC-BF25-4E8A-9953-388B9C44BA04}.Release|Any CPU.ActiveCfg = Release|Any CPU
		{85BBE0CC-BF25-4E8A-9953-388B9C44BA04}.Release|Any CPU.Build.0 = Release|Any CPU
		{198C405B-AC73-4BE3-8F7C-E163FA49C921}.Debug|Any CPU.ActiveCfg = Debug|Any CPU
		{198C405B-AC73-4BE3-8F7C-E163FA49C921}.Debug|Any CPU.Build.0 = Debug|Any CPU
		{198C405B-AC73-4BE3-8F7C-E163FA49C921}.Release|Any CPU.ActiveCfg = Release|Any CPU
		{198C405B-AC73-4BE3-8F7C-E163FA49C921}.Release|Any CPU.Build.0 = Release|Any CPU
	EndGlobalSection
	GlobalSection(SolutionProperties) = preSolution
		HideSolutionNode = FALSE
	EndGlobalSection
	GlobalSection(ExtensibilityGlobals) = postSolution
		SolutionGuid = {7821716B-5B24-4A25-A4BF-972FA0EF07D3}
	EndGlobalSection
EndGlobal
